
Microsoft Visual Studio Solution File, Format Version 12.00
# Visual Studio Version 17
VisualStudioVersion = 17.4.33103.184
MinimumVisualStudioVersion = 10.0.40219.1
Project("{9A19103F-16F7-4668-BE54-9A1E7A4F7556}") = "HangmanGame", "HangmanGame\HangmanGame.csproj", "{0D6BEF89-2F53-4EC8-9899-801D3FF37D25}"
EndProject
Project("{FAE04EC0-301F-11D3-BF4B-00C04F79EFBC}") = "HangmanAPI", "HangmanAPI\HangmanAPI.csproj", "{0A6EF7B6-4101-4B6E-825E-0524923E9EC1}"
EndProject
Global
	GlobalSection(SolutionConfigurationPlatforms) = preSolution
		Debug|Any CPU = Debug|Any CPU
		Release|Any CPU = Release|Any CPU
	EndGlobalSection
	GlobalSection(ProjectConfigurationPlatforms) = postSolution
		{0D6BEF89-2F53-4EC8-9899-801D3FF37D25}.Debug|Any CPU.ActiveCfg = Debug|Any CPU
		{0D6BEF89-2F53-4EC8-9899-801D3FF37D25}.Debug|Any CPU.Build.0 = Debug|Any CPU
		{0D6BEF89-2F53-4EC8-9899-801D3FF37D25}.Release|Any CPU.ActiveCfg = Release|Any CPU
		{0D6BEF89-2F53-4EC8-9899-801D3FF37D25}.Release|Any CPU.Build.0 = Release|Any CPU
		{0A6EF7B6-4101-4B6E-825E-0524923E9EC1}.Debug|Any CPU.ActiveCfg = Debug|Any CPU
		{0A6EF7B6-4101-4B6E-825E-0524923E9EC1}.Debug|Any CPU.Build.0 = Debug|Any CPU
		{0A6EF7B6-4101-4B6E-825E-0524923E9EC1}.Release|Any CPU.ActiveCfg = Release|Any CPU
		{0A6EF7B6-4101-4B6E-825E-0524923E9EC1}.Release|Any CPU.Build.0 = Release|Any CPU
	EndGlobalSection
	GlobalSection(SolutionProperties) = preSolution
		HideSolutionNode = FALSE
	EndGlobalSection
	GlobalSection(ExtensibilityGlobals) = postSolution
		SolutionGuid = {5E86B9D0-3252-48C9-B53E-14675A0BA9B5}
	EndGlobalSection
EndGlobal
